
Microsoft Visual Studio Solution File, Format Version 12.00
# Visual Studio Version 17
VisualStudioVersion = 17.11.35327.3
MinimumVisualStudioVersion = 10.0.40219.1
Project("{FAE04EC0-301F-11D3-BF4B-00C04F79EFBC}") = "Frontend", "Frontend.csproj", "{1E689733-F4C5-40DD-8C3F-162E5EFA3E8D}"
EndProject
Global
	GlobalSection(SolutionConfigurationPlatforms) = preSolution
		Debug|Any CPU = Debug|Any CPU
		Release|Any CPU = Release|Any CPU
	EndGlobalSection
	GlobalSection(ProjectConfigurationPlatforms) = postSolution
		{1E689733-F4C5-40DD-8C3F-162E5EFA3E8D}.Debug|Any CPU.ActiveCfg = Debug|Any CPU
		{1E689733-F4C5-40DD-8C3F-162E5EFA3E8D}.Debug|Any CPU.Build.0 = Debug|Any CPU
		{1E689733-F4C5-40DD-8C3F-162E5EFA3E8D}.Release|Any CPU.ActiveCfg = Release|Any CPU
		{1E689733-F4C5-40DD-8C3F-162E5EFA3E8D}.Release|Any CPU.Build.0 = Release|Any CPU
	EndGlobalSection
	GlobalSection(SolutionProperties) = preSolution
		HideSolutionNode = FALSE
	EndGlobalSection
	GlobalSection(ExtensibilityGlobals) = postSolution
		SolutionGuid = {8481B98B-50FB-4171-BD33-D5954271B65E}
	EndGlobalSection
EndGlobal
